# Install these extras only inside the local .venv created with
# `python -m venv --system-site-packages .venv`.
# The base scientific stack, including torch==2.11.0+cu128, remains supplied
# by requirements-repro.txt / the system site-packages and is not overwritten.
tab-transformer-pytorch==0.6.1
einops==0.8.2
discrete-continuous-embed-readout==0.2.12
hyper-connections==0.4.11
torch-einops-utils==0.1.7
x-mlps-pytorch==0.4.1
beartype==0.22.9
